
Microsoft Visual Studio Solution File, Format Version 12.00
# Visual Studio 2012
Project("{8BC9CEB8-8B4A-11D0-8D11-00A0C91BC942}") = "Automaton", "Automaton\Automaton.vcxproj", "{27D5E0EB-6851-4446-AF72-7509D5EB0309}"
EndProject
Global
	GlobalSection(SolutionConfigurationPlatforms) = preSolution
		Debug|Win32 = Debug|Win32
		Release|Win32 = Release|Win32
	EndGlobalSection
	GlobalSection(ProjectConfigurationPlatforms) = postSolution
		{27D5E0EB-6851-4446-AF72-7509D5EB0309}.Debug|Win32.ActiveCfg = Debug|Win32
		{27D5E0EB-6851-4446-AF72-7509D5EB0309}.Debug|Win32.Build.0 = Debug|Win32
		{27D5E0EB-6851-4446-AF72-7509D5EB0309}.Release|Win32.ActiveCfg = Release|Win32
		{27D5E0EB-6851-4446-AF72-7509D5EB0309}.Release|Win32.Build.0 = Release|Win32
	EndGlobalSection
	GlobalSection(SolutionProperties) = preSolution
		HideSolutionNode = FALSE
	EndGlobalSection
EndGlobal
